
Microsoft Visual Studio Solution File, Format Version 11.00
# Visual Studio 2010
Project("{FAE04EC0-301F-11D3-BF4B-00C04F79EFBC}") = "BetterWriter", "BetterWriter\BetterWriter.csproj", "{A47B8C84-7C66-4791-9821-64FAB8A2413B}"
EndProject
Project("{FAE04EC0-301F-11D3-BF4B-00C04F79EFBC}") = "BetterWriter.EditorModule", "BetterWriter.EditorModule\BetterWriter.EditorModule.csproj", "{6056794F-77B0-4821-AAC7-6DA0527ABE1B}"
EndProject
Project("{FAE04EC0-301F-11D3-BF4B-00C04F79EFBC}") = "BetterWriter.Common", "BetterWriter.Common\BetterWriter.Common.csproj", "{207CCEAD-3511-4EFC-906D-4CF8AE19876B}"
EndProject
Global
	GlobalSection(SolutionConfigurationPlatforms) = preSolution
		Debug|Any CPU = Debug|Any CPU
		Debug|Mixed Platforms = Debug|Mixed Platforms
		Debug|x86 = Debug|x86
		Release|Any CPU = Release|Any CPU
		Release|Mixed Platforms = Release|Mixed Platforms
		Release|x86 = Release|x86
	EndGlobalSection
	GlobalSection(ProjectConfigurationPlatforms) = postSolution
		{A47B8C84-7C66-4791-9821-64FAB8A2413B}.Debug|Any CPU.ActiveCfg = Debug|x86
		{A47B8C84-7C66-4791-9821-64FAB8A2413B}.Debug|Mixed Platforms.ActiveCfg = Debug|x86
		{A47B8C84-7C66-4791-9821-64FAB8A2413B}.Debug|Mixed Platforms.Build.0 = Debug|x86
		{A47B8C84-7C66-4791-9821-64FAB8A2413B}.Debug|x86.ActiveCfg = Debug|x86
		{A47B8C84-7C66-4791-9821-64FAB8A2413B}.Debug|x86.Build.0 = Debug|x86
		{A47B8C84-7C66-4791-9821-64FAB8A2413B}.Release|Any CPU.ActiveCfg = Release|x86
		{A47B8C84-7C66-4791-9821-64FAB8A2413B}.Release|Mixed Platforms.ActiveCfg = Release|x86
		{A47B8C84-7C66-4791-9821-64FAB8A2413B}.Release|Mixed Platforms.Build.0 = Release|x86
		{A47B8C84-7C66-4791-9821-64FAB8A2413B}.Release|x86.ActiveCfg = Release|x86
		{A47B8C84-7C66-4791-9821-64FAB8A2413B}.Release|x86.Build.0 = Release|x86
		{6056794F-77B0-4821-AAC7-6DA0527ABE1B}.Debug|Any CPU.ActiveCfg = Debug|Any CPU
		{6056794F-77B0-4821-AAC7-6DA0527ABE1B}.Debug|Any CPU.Build.0 = Debug|Any CPU
		{6056794F-77B0-4821-AAC7-6DA0527ABE1B}.Debug|Mixed Platforms.ActiveCfg = Debug|Any CPU
		{6056794F-77B0-4821-AAC7-6DA0527ABE1B}.Debug|Mixed Platforms.Build.0 = Debug|Any CPU
		{6056794F-77B0-4821-AAC7-6DA0527ABE1B}.Debug|x86.ActiveCfg = Debug|Any CPU
		{6056794F-77B0-4821-AAC7-6DA0527ABE1B}.Release|Any CPU.ActiveCfg = Release|Any CPU
		{6056794F-77B0-4821-AAC7-6DA0527ABE1B}.Release|Any CPU.Build.0 = Release|Any CPU
		{6056794F-77B0-4821-AAC7-6DA0527ABE1B}.Release|Mixed Platforms.ActiveCfg = Release|Any CPU
		{6056794F-77B0-4821-AAC7-6DA0527ABE1B}.Release|Mixed Platforms.Build.0 = Release|Any CPU
		{6056794F-77B0-4821-AAC7-6DA0527ABE1B}.Release|x86.ActiveCfg = Release|Any CPU
		{207CCEAD-3511-4EFC-906D-4CF8AE19876B}.Debug|Any CPU.ActiveCfg = Debug|Any CPU
		{207CCEAD-3511-4EFC-906D-4CF8AE19876B}.Debug|Any CPU.Build.0 = Debug|Any CPU
		{207CCEAD-3511-4EFC-906D-4CF8AE19876B}.Debug|Mixed Platforms.ActiveCfg = Debug|Any CPU
		{207CCEAD-3511-4EFC-906D-4CF8AE19876B}.Debug|Mixed Platforms.Build.0 = Debug|Any CPU
		{207CCEAD-3511-4EFC-906D-4CF8AE19876B}.Debug|x86.ActiveCfg = Debug|Any CPU
		{207CCEAD-3511-4EFC-906D-4CF8AE19876B}.Release|Any CPU.ActiveCfg = Release|Any CPU
		{207CCEAD-3511-4EFC-906D-4CF8AE19876B}.Release|Any CPU.Build.0 = Release|Any CPU
		{207CCEAD-3511-4EFC-906D-4CF8AE19876B}.Release|Mixed Platforms.ActiveCfg = Release|Any CPU
		{207CCEAD-3511-4EFC-906D-4CF8AE19876B}.Release|Mixed Platforms.Build.0 = Release|Any CPU
		{207CCEAD-3511-4EFC-906D-4CF8AE19876B}.Release|x86.ActiveCfg = Release|Any CPU
	EndGlobalSection
	GlobalSection(SolutionProperties) = preSolution
		HideSolutionNode = FALSE
	EndGlobalSection
EndGlobal
